// !$*UTF8*$!
{
	archiveVersion = 1;
	classes = {
	};
	objectVersion = 46;
	objects = {

/* Begin PBXBuildFile section */
		5631DA091F029D3900B877B5 /* LabelViewController.swift in Sources */ = {isa = PBXBuildFile; fileRef = 5631DA081F029D3900B877B5 /* LabelViewController.swift */; };
		5632BFEE1EDD9B5600605018 /* AppDelegate.swift in Sources */ = {isa = PBXBuildFile; fileRef = 5632BFED1EDD9B5600605018 /* AppDelegate.swift */; };
		5632BFF31EDD9B5600605018 /* Main.storyboard in Resources */ = {isa = PBXBuildFile; fileRef = 5632BFF11EDD9B5600605018 /* Main.storyboard */; };
		5632BFF51EDD9B5600605018 /* Assets.xcassets in Resources */ = {isa = PBXBuildFile; fileRef = 5632BFF41EDD9B5600605018 /* Assets.xcassets */; };
		5632BFF81EDD9B5600605018 /* LaunchScreen.storyboard in Resources */ = {isa = PBXBuildFile; fileRef = 5632BFF61EDD9B5600605018 /* LaunchScreen.storyboard */; };
		5635ED851EFE83590074F8C4 /* AnimateTableController.swift in Sources */ = {isa = PBXBuildFile; fileRef = 5635ED841EFE83590074F8C4 /* AnimateTableController.swift */; };
		5635ED881EFE9CBF0074F8C4 /* Starjedi.ttf in Resources */ = {isa = PBXBuildFile; fileRef = 5635ED861EFE9CBF0074F8C4 /* Starjedi.ttf */; };
		5635ED891EFE9CBF0074F8C4 /* Unicorn.ttf in Resources */ = {isa = PBXBuildFile; fileRef = 5635ED871EFE9CBF0074F8C4 /* Unicorn.ttf */; };
		5635ED8C1EFE9E320074F8C4 /* ThemeViewController.swift in Sources */ = {isa = PBXBuildFile; fileRef = 5635ED8B1EFE9E320074F8C4 /* ThemeViewController.swift */; };
		563B91911F009F7500986AC0 /* AlphaTableViewController.swift in Sources */ = {isa = PBXBuildFile; fileRef = 563B91901F009F7500986AC0 /* AlphaTableViewController.swift */; };
		5645EAA51F09CC1500F7AA4E /* DropDownView.swift in Sources */ = {isa = PBXBuildFile; fileRef = 5645EAA41F09CC1500F7AA4E /* DropDownView.swift */; };
		5645EAA71F09CC2500F7AA4E /* DropDownView.xib in Resources */ = {isa = PBXBuildFile; fileRef = 5645EAA61F09CC2500F7AA4E /* DropDownView.xib */; };
		5645EAA91F0A4A1E00F7AA4E /* ButtonViewController.swift in Sources */ = {isa = PBXBuildFile; fileRef = 5645EAA81F0A4A1E00F7AA4E /* ButtonViewController.swift */; };
		565097691EFF709D00D7ED61 /* ThemeCell.swift in Sources */ = {isa = PBXBuildFile; fileRef = 565097681EFF709D00D7ED61 /* ThemeCell.swift */; };
		5650976B1EFF71E400D7ED61 /* ThemeCell.xib in Resources */ = {isa = PBXBuildFile; fileRef = 5650976A1EFF71E400D7ED61 /* ThemeCell.xib */; };
		565180171EFFEC2900045766 /* PastelViewController.swift in Sources */ = {isa = PBXBuildFile; fileRef = 565180161EFFEC2900045766 /* PastelViewController.swift */; };
		568175671F025AD00020D3E5 /* ButtonsViewController.swift in Sources */ = {isa = PBXBuildFile; fileRef = 568175661F025AD00020D3E5 /* ButtonsViewController.swift */; };
		5681756A1F0262680020D3E5 /* ButtonViewCell.swift in Sources */ = {isa = PBXBuildFile; fileRef = 568175681F0262680020D3E5 /* ButtonViewCell.swift */; };
		5681756B1F0262680020D3E5 /* ButtonViewCell.xib in Resources */ = {isa = PBXBuildFile; fileRef = 568175691F0262680020D3E5 /* ButtonViewCell.xib */; };
		568EF0731F0B7D8D00836DCF /* PageViewController.swift in Sources */ = {isa = PBXBuildFile; fileRef = 568EF0721F0B7D8D00836DCF /* PageViewController.swift */; };
		568EF0751F0B816300836DCF /* ChildViewController.swift in Sources */ = {isa = PBXBuildFile; fileRef = 568EF0741F0B816300836DCF /* ChildViewController.swift */; };
		569F87731EFD18AA006C8EF2 /* GradientTableViewCell.swift in Sources */ = {isa = PBXBuildFile; fileRef = 569F87721EFD18AA006C8EF2 /* GradientTableViewCell.swift */; };
		569F87751EFD193B006C8EF2 /* Config.swift in Sources */ = {isa = PBXBuildFile; fileRef = 569F87741EFD193B006C8EF2 /* Config.swift */; };
		569F87771EFD1AF6006C8EF2 /* GradientViewController.swift in Sources */ = {isa = PBXBuildFile; fileRef = 569F87761EFD1AF6006C8EF2 /* GradientViewController.swift */; };
		87694153B179A29EB358B139 /* Pods_AnimationSwift.framework in Frameworks */ = {isa = PBXBuildFile; fileRef = F884EA0061EE4C0B6B0E089F /* Pods_AnimationSwift.framework */; };
/* End PBXBuildFile section */

/* Begin PBXFileReference section */
		387B0E3BA793B72979916A6A /* Pods-AnimationSwift.release.xcconfig */ = {isa = PBXFileReference; includeInIndex = 1; lastKnownFileType = text.xcconfig; name = "Pods-AnimationSwift.release.xcconfig"; path = "Pods/Target Support Files/Pods-AnimationSwift/Pods-AnimationSwift.release.xcconfig"; sourceTree = "<group>"; };
		5631DA081F029D3900B877B5 /* LabelViewController.swift */ = {isa = PBXFileReference; fileEncoding = 4; lastKnownFileType = sourcecode.swift; path = LabelViewController.swift; sourceTree = "<group>"; };
		5632BFEA1EDD9B5600605018 /* AnimationSwift.app */ = {isa = PBXFileReference; explicitFileType = wrapper.application; includeInIndex = 0; path = AnimationSwift.app; sourceTree = BUILT_PRODUCTS_DIR; };
		5632BFED1EDD9B5600605018 /* AppDelegate.swift */ = {isa = PBXFileReference; lastKnownFileType = sourcecode.swift; path = AppDelegate.swift; sourceTree = "<group>"; };
		5632BFF21EDD9B5600605018 /* Base */ = {isa = PBXFileReference; lastKnownFileType = file.storyboard; name = Base; path = Base.lproj/Main.storyboard; sourceTree = "<group>"; };
		5632BFF41EDD9B5600605018 /* Assets.xcassets */ = {isa = PBXFileReference; lastKnownFileType = folder.assetcatalog; path = Assets.xcassets; sourceTree = "<group>"; };
		5632BFF71EDD9B5600605018 /* Base */ = {isa = PBXFileReference; lastKnownFileType = file.storyboard; name = Base; path = Base.lproj/LaunchScreen.storyboard; sourceTree = "<group>"; };
		5632BFF91EDD9B5600605018 /* Info.plist */ = {isa = PBXFileReference; lastKnownFileType = text.plist.xml; path = Info.plist; sourceTree = "<group>"; };
		5635ED841EFE83590074F8C4 /* AnimateTableController.swift */ = {isa = PBXFileReference; fileEncoding = 4; lastKnownFileType = sourcecode.swift; path = AnimateTableController.swift; sourceTree = "<group>"; };
		5635ED861EFE9CBF0074F8C4 /* Starjedi.ttf */ = {isa = PBXFileReference; lastKnownFileType = file; path = Starjedi.ttf; sourceTree = "<group>"; };
		5635ED871EFE9CBF0074F8C4 /* Unicorn.ttf */ = {isa = PBXFileReference; lastKnownFileType = file; path = Unicorn.ttf; sourceTree = "<group>"; };
		5635ED8B1EFE9E320074F8C4 /* ThemeViewController.swift */ = {isa = PBXFileReference; fileEncoding = 4; lastKnownFileType = sourcecode.swift; path = ThemeViewController.swift; sourceTree = "<group>"; };
		563B91901F009F7500986AC0 /* AlphaTableViewController.swift */ = {isa = PBXFileReference; fileEncoding = 4; lastKnownFileType = sourcecode.swift; path = AlphaTableViewController.swift; sourceTree = "<group>"; };
		5645EAA41F09CC1500F7AA4E /* DropDownView.swift */ = {isa = PBXFileReference; fileEncoding = 4; lastKnownFileType = sourcecode.swift; path = DropDownView.swift; sourceTree = "<group>"; };
		5645EAA61F09CC2500F7AA4E /* DropDownView.xib */ = {isa = PBXFileReference; fileEncoding = 4; lastKnownFileType = file.xib; path = DropDownView.xib; sourceTree = "<group>"; };
		5645EAA81F0A4A1E00F7AA4E /* ButtonViewController.swift */ = {isa = PBXFileReference; fileEncoding = 4; lastKnownFileType = sourcecode.swift; path = ButtonViewController.swift; sourceTree = "<group>"; };
		565097681EFF709D00D7ED61 /* ThemeCell.swift */ = {isa = PBXFileReference; fileEncoding = 4; lastKnownFileType = sourcecode.swift; path = ThemeCell.swift; sourceTree = "<group>"; };
		5650976A1EFF71E400D7ED61 /* ThemeCell.xib */ = {isa = PBXFileReference; fileEncoding = 4; lastKnownFileType = file.xib; path = ThemeCell.xib; sourceTree = "<group>"; };
		565180161EFFEC2900045766 /* PastelViewController.swift */ = {isa = PBXFileReference; fileEncoding = 4; lastKnownFileType = sourcecode.swift; path = PastelViewController.swift; sourceTree = "<group>"; };
		568175661F025AD00020D3E5 /* ButtonsViewController.swift */ = {isa = PBXFileReference; fileEncoding = 4; lastKnownFileType = sourcecode.swift; path = ButtonsViewController.swift; sourceTree = "<group>"; };
		568175681F0262680020D3E5 /* ButtonViewCell.swift */ = {isa = PBXFileReference; fileEncoding = 4; lastKnownFileType = sourcecode.swift; path = ButtonViewCell.swift; sourceTree = "<group>"; };
		568175691F0262680020D3E5 /* ButtonViewCell.xib */ = {isa = PBXFileReference; fileEncoding = 4; lastKnownFileType = file.xib; path = ButtonViewCell.xib; sourceTree = "<group>"; };
		568EF0721F0B7D8D00836DCF /* PageViewController.swift */ = {isa = PBXFileReference; fileEncoding = 4; lastKnownFileType = sourcecode.swift; path = PageViewController.swift; sourceTree = "<group>"; };
		568EF0741F0B816300836DCF /* ChildViewController.swift */ = {isa = PBXFileReference; fileEncoding = 4; lastKnownFileType = sourcecode.swift; path = ChildViewController.swift; sourceTree = "<group>"; };
		569F87721EFD18AA006C8EF2 /* GradientTableViewCell.swift */ = {isa = PBXFileReference; fileEncoding = 4; lastKnownFileType = sourcecode.swift; path = GradientTableViewCell.swift; sourceTree = "<group>"; };
		569F87741EFD193B006C8EF2 /* Config.swift */ = {isa = PBXFileReference; fileEncoding = 4; lastKnownFileType = sourcecode.swift; path = Config.swift; sourceTree = "<group>"; };
		569F87761EFD1AF6006C8EF2 /* GradientViewController.swift */ = {isa = PBXFileReference; fileEncoding = 4; lastKnownFileType = sourcecode.swift; path = GradientViewController.swift; sourceTree = "<group>"; };
		F4C0F500181FD1F1DBC96822 /* Pods-AnimationSwift.debug.xcconfig */ = {isa = PBXFileReference; includeInIndex = 1; lastKnownFileType = text.xcconfig; name = "Pods-AnimationSwift.debug.xcconfig"; path = "Pods/Target Support Files/Pods-AnimationSwift/Pods-AnimationSwift.debug.xcconfig"; sourceTree = "<group>"; };
		F884EA0061EE4C0B6B0E089F /* Pods_AnimationSwift.framework */ = {isa = PBXFileReference; explicitFileType = wrapper.framework; includeInIndex = 0; path = Pods_AnimationSwift.framework; sourceTree = BUILT_PRODUCTS_DIR; };
/* End PBXFileReference section */

/* Begin PBXFrameworksBuildPhase section */
		5632BFE71EDD9B5600605018 /* Frameworks */ = {
			isa = PBXFrameworksBuildPhase;
			buildActionMask = 2147483647;
			files = (
				87694153B179A29EB358B139 /* Pods_AnimationSwift.framework in Frameworks */,
			);
			runOnlyForDeploymentPostprocessing = 0;
		};
/* End PBXFrameworksBuildPhase section */

/* Begin PBXGroup section */
		40548EEFEE8BAB9E38D8DC42 /* Frameworks */ = {
			isa = PBXGroup;
			children = (
				F884EA0061EE4C0B6B0E089F /* Pods_AnimationSwift.framework */,
			);
			name = Frameworks;
			sourceTree = "<group>";
		};
		5631DA071F029D1800B877B5 /* Label */ = {
			isa = PBXGroup;
			children = (
				5631DA081F029D3900B877B5 /* LabelViewController.swift */,
			);
			name = Label;
			sourceTree = "<group>";
		};
		5632BFE11EDD9B5600605018 = {
			isa = PBXGroup;
			children = (
				5632BFEC1EDD9B5600605018 /* AnimationSwift */,
				5632BFEB1EDD9B5600605018 /* Products */,
				B9F82F774FF49FA1428E698B /* Pods */,
				40548EEFEE8BAB9E38D8DC42 /* Frameworks */,
			);
			sourceTree = "<group>";
		};
		5632BFEB1EDD9B5600605018 /* Products */ = {
			isa = PBXGroup;
			children = (
				5632BFEA1EDD9B5600605018 /* AnimationSwift.app */,
			);
			name = Products;
			sourceTree = "<group>";
		};
		5632BFEC1EDD9B5600605018 /* AnimationSwift */ = {
			isa = PBXGroup;
			children = (
				5638DD2E1F0A793E00D9E139 /* Page */,
				5631DA071F029D1800B877B5 /* Label */,
				568175651F025AB10020D3E5 /* Button */,
				563B918F1F009F0500986AC0 /* NavigationBar */,
				565180151EFFEBD100045766 /* Pastel */,
				5635ED8A1EFE9D4E0074F8C4 /* Theme */,
				569F87711EFD1891006C8EF2 /* Gradient */,
				5632BFED1EDD9B5600605018 /* AppDelegate.swift */,
				5635ED841EFE83590074F8C4 /* AnimateTableController.swift */,
				5632BFF11EDD9B5600605018 /* Main.storyboard */,
				5632BFF41EDD9B5600605018 /* Assets.xcassets */,
				5632BFF61EDD9B5600605018 /* LaunchScreen.storyboard */,
				5632BFF91EDD9B5600605018 /* Info.plist */,
				569F87741EFD193B006C8EF2 /* Config.swift */,
				5635ED861EFE9CBF0074F8C4 /* Starjedi.ttf */,
				5635ED871EFE9CBF0074F8C4 /* Unicorn.ttf */,
			);
			path = AnimationSwift;
			sourceTree = "<group>";
		};
		5635ED8A1EFE9D4E0074F8C4 /* Theme */ = {
			isa = PBXGroup;
			children = (
				5635ED8B1EFE9E320074F8C4 /* ThemeViewController.swift */,
				565097681EFF709D00D7ED61 /* ThemeCell.swift */,
				5650976A1EFF71E400D7ED61 /* ThemeCell.xib */,
			);
			name = Theme;
			sourceTree = "<group>";
		};
		5638DD2E1F0A793E00D9E139 /* Page */ = {
			isa = PBXGroup;
			children = (
				568EF0721F0B7D8D00836DCF /* PageViewController.swift */,
				568EF0741F0B816300836DCF /* ChildViewController.swift */,
			);
			name = Page;
			sourceTree = "<group>";
		};
		563B918F1F009F0500986AC0 /* NavigationBar */ = {
			isa = PBXGroup;
			children = (
				563B91901F009F7500986AC0 /* AlphaTableViewController.swift */,
			);
			name = NavigationBar;
			sourceTree = "<group>";
		};
		565180151EFFEBD100045766 /* Pastel */ = {
			isa = PBXGroup;
			children = (
				565180161EFFEC2900045766 /* PastelViewController.swift */,
			);
			name = Pastel;
			sourceTree = "<group>";
		};
		568175651F025AB10020D3E5 /* Button */ = {
			isa = PBXGroup;
			children = (
				568175661F025AD00020D3E5 /* ButtonsViewController.swift */,
				5645EAA81F0A4A1E00F7AA4E /* ButtonViewController.swift */,
				568175681F0262680020D3E5 /* ButtonViewCell.swift */,
				568175691F0262680020D3E5 /* ButtonViewCell.xib */,
				5645EAA41F09CC1500F7AA4E /* DropDownView.swift */,
				5645EAA61F09CC2500F7AA4E /* DropDownView.xib */,
			);
			name = Button;
			sourceTree = "<group>";
		};
		569F87711EFD1891006C8EF2 /* Gradient */ = {
			isa = PBXGroup;
			children = (
				569F87721EFD18AA006C8EF2 /* GradientTableViewCell.swift */,
				569F87761EFD1AF6006C8EF2 /* GradientViewController.swift */,
			);
			name = Gradient;
			sourceTree = "<group>";
		};
		B9F82F774FF49FA1428E698B /* Pods */ = {
			isa = PBXGroup;
			children = (
				F4C0F500181FD1F1DBC96822 /* Pods-AnimationSwift.debug.xcconfig */,
				387B0E3BA793B72979916A6A /* Pods-AnimationSwift.release.xcconfig */,
			);
			name = Pods;
			sourceTree = "<group>";
		};
/* End PBXGroup section */

/* Begin PBXNativeTarget section */
		5632BFE91EDD9B5600605018 /* AnimationSwift */ = {
			isa = PBXNativeTarget;
			buildConfigurationList = 5632BFFC1EDD9B5600605018 /* Build configuration list for PBXNativeTarget "AnimationSwift" */;
			buildPhases = (
				CC4E5CBD3C1897AE16C71FC6 /* [CP] Check Pods Manifest.lock */,
				5632BFE61EDD9B5600605018 /* Sources */,
				5632BFE71EDD9B5600605018 /* Frameworks */,
				5632BFE81EDD9B5600605018 /* Resources */,
				870A0F1164CE9B23EAE5F31B /* [CP] Embed Pods Frameworks */,
				88DA854F53C98F828FE51717 /* [CP] Copy Pods Resources */,
			);
			buildRules = (
			);
			dependencies = (
			);
			name = AnimationSwift;
			productName = AnimationSwift;
			productReference = 5632BFEA1EDD9B5600605018 /* AnimationSwift.app */;
			productType = "com.apple.product-type.application";
		};
/* End PBXNativeTarget section */

/* Begin PBXProject section */
		5632BFE21EDD9B5600605018 /* Project object */ = {
			isa = PBXProject;
			attributes = {
				LastSwiftUpdateCheck = 0830;
				LastUpgradeCheck = 0830;
				ORGANIZATIONNAME = "张玉飞";
				TargetAttributes = {
					5632BFE91EDD9B5600605018 = {
						CreatedOnToolsVersion = 8.3.2;
						DevelopmentTeam = CQZ98A99M5;
						ProvisioningStyle = Automatic;
					};
				};
			};
			buildConfigurationList = 5632BFE51EDD9B5600605018 /* Build configuration list for PBXProject "AnimationSwift" */;
			compatibilityVersion = "Xcode 3.2";
			developmentRegion = English;
			hasScannedForEncodings = 0;
			knownRegions = (
				en,
				Base,
			);
			mainGroup = 5632BFE11EDD9B5600605018;
			productRefGroup = 5632BFEB1EDD9B5600605018 /* Products */;
			projectDirPath = "";
			projectRoot = "";
			targets = (
				5632BFE91EDD9B5600605018 /* AnimationSwift */,
			);
		};
/* End PBXProject section */

/* Begin PBXResourcesBuildPhase section */
		5632BFE81EDD9B5600605018 /* Resources */ = {
			isa = PBXResourcesBuildPhase;
			buildActionMask = 2147483647;
			files = (
				5632BFF81EDD9B5600605018 /* LaunchScreen.storyboard in Resources */,
				5645EAA71F09CC2500F7AA4E /* DropDownView.xib in Resources */,
				5681756B1F0262680020D3E5 /* ButtonViewCell.xib in Resources */,
				5650976B1EFF71E400D7ED61 /* ThemeCell.xib in Resources */,
				5635ED891EFE9CBF0074F8C4 /* Unicorn.ttf in Resources */,
				5632BFF51EDD9B5600605018 /* Assets.xcassets in Resources */,
				5635ED881EFE9CBF0074F8C4 /* Starjedi.ttf in Resources */,
				5632BFF31EDD9B5600605018 /* Main.storyboard in Resources */,
			);
			runOnlyForDeploymentPostprocessing = 0;
		};
/* End PBXResourcesBuildPhase section */

/* Begin PBXShellScriptBuildPhase section */
		870A0F1164CE9B23EAE5F31B /* [CP] Embed Pods Frameworks */ = {
			isa = PBXShellScriptBuildPhase;
			buildActionMask = 2147483647;
			files = (
			);
			inputPaths = (
			);
			name = "[CP] Embed Pods Frameworks";
			outputPaths = (
			);
			runOnlyForDeploymentPostprocessing = 0;
			shellPath = /bin/sh;
			shellScript = "\"${SRCROOT}/Pods/Target Support Files/Pods-AnimationSwift/Pods-AnimationSwift-frameworks.sh\"\n";
			showEnvVarsInLog = 0;
		};
		88DA854F53C98F828FE51717 /* [CP] Copy Pods Resources */ = {
			isa = PBXShellScriptBuildPhase;
			buildActionMask = 2147483647;
			files = (
			);
			inputPaths = (
			);
			name = "[CP] Copy Pods Resources";
			outputPaths = (
			);
			runOnlyForDeploymentPostprocessing = 0;
			shellPath = /bin/sh;
			shellScript = "\"${SRCROOT}/Pods/Target Support Files/Pods-AnimationSwift/Pods-AnimationSwift-resources.sh\"\n";
			showEnvVarsInLog = 0;
		};
		CC4E5CBD3C1897AE16C71FC6 /* [CP] Check Pods Manifest.lock */ = {
			isa = PBXShellScriptBuildPhase;
			buildActionMask = 2147483647;
			files = (
			);
			inputPaths = (
			);
			name = "[CP] Check Pods Manifest.lock";
			outputPaths = (
			);
			runOnlyForDeploymentPostprocessing = 0;
			shellPath = /bin/sh;
			shellScript = "diff \"${PODS_PODFILE_DIR_PATH}/Podfile.lock\" \"${PODS_ROOT}/Manifest.lock\" > /dev/null\nif [ $? != 0 ] ; then\n    # print error to STDERR\n    echo \"error: The sandbox is not in sync with the Podfile.lock. Run 'pod install' or update your CocoaPods installation.\" >&2\n    exit 1\nfi\n";
			showEnvVarsInLog = 0;
		};
/* End PBXShellScriptBuildPhase section */

/* Begin PBXSourcesBuildPhase section */
		5632BFE61EDD9B5600605018 /* Sources */ = {
			isa = PBXSourcesBuildPhase;
			buildActionMask = 2147483647;
			files = (
				5635ED8C1EFE9E320074F8C4 /* ThemeViewController.swift in Sources */,
				569F87751EFD193B006C8EF2 /* Config.swift in Sources */,
				568175671F025AD00020D3E5 /* ButtonsViewController.swift in Sources */,
				5645EAA51F09CC1500F7AA4E /* DropDownView.swift in Sources */,
				569F87771EFD1AF6006C8EF2 /* GradientViewController.swift in Sources */,
				569F87731EFD18AA006C8EF2 /* GradientTableViewCell.swift in Sources */,
				5635ED851EFE83590074F8C4 /* AnimateTableController.swift in Sources */,
				565180171EFFEC2900045766 /* PastelViewController.swift in Sources */,
				568EF0751F0B816300836DCF /* ChildViewController.swift in Sources */,
				5681756A1F0262680020D3E5 /* ButtonViewCell.swift in Sources */,
				5632BFEE1EDD9B5600605018 /* AppDelegate.swift in Sources */,
				563B91911F009F7500986AC0 /* AlphaTableViewController.swift in Sources */,
				565097691EFF709D00D7ED61 /* ThemeCell.swift in Sources */,
				5645EAA91F0A4A1E00F7AA4E /* ButtonViewController.swift in Sources */,
				5631DA091F029D3900B877B5 /* LabelViewController.swift in Sources */,
				568EF0731F0B7D8D00836DCF /* PageViewController.swift in Sources */,
			);
			runOnlyForDeploymentPostprocessing = 0;
		};
/* End PBXSourcesBuildPhase section */

/* Begin PBXVariantGroup section */
		5632BFF11EDD9B5600605018 /* Main.storyboard */ = {
			isa = PBXVariantGroup;
			children = (
				5632BFF21EDD9B5600605018 /* Base */,
			);
			name = Main.storyboard;
			sourceTree = "<group>";
		};
		5632BFF61EDD9B5600605018 /* LaunchScreen.storyboard */ = {
			isa = PBXVariantGroup;
			children = (
				5632BFF71EDD9B5600605018 /* Base */,
			);
			name = LaunchScreen.storyboard;
			sourceTree = "<group>";
		};
/* End PBXVariantGroup section */

/* Begin XCBuildConfiguration section */
		5632BFFA1EDD9B5600605018 /* Debug */ = {
			isa = XCBuildConfiguration;
			buildSettings = {
				ALWAYS_SEARCH_USER_PATHS = NO;
				CLANG_ANALYZER_NONNULL = YES;
				CLANG_ANALYZER_NUMBER_OBJECT_CONVERSION = YES_AGGRESSIVE;
				CLANG_CXX_LANGUAGE_STANDARD = "gnu++0x";
				CLANG_CXX_LIBRARY = "libc++";
				CLANG_ENABLE_MODULES = YES;
				CLANG_ENABLE_OBJC_ARC = YES;
				CLANG_WARN_BOOL_CONVERSION = YES;
				CLANG_WARN_CONSTANT_CONVERSION = YES;
				CLANG_WARN_DIRECT_OBJC_ISA_USAGE = YES_ERROR;
				CLANG_WARN_DOCUMENTATION_COMMENTS = YES;
				CLANG_WARN_EMPTY_BODY = YES;
				CLANG_WARN_ENUM_CONVERSION = YES;
				CLANG_WARN_INFINITE_RECURSION = YES;
				CLANG_WARN_INT_CONVERSION = YES;
				CLANG_WARN_OBJC_ROOT_CLASS = YES_ERROR;
				CLANG_WARN_SUSPICIOUS_MOVE = YES;
				CLANG_WARN_UNREACHABLE_CODE = YES;
				CLANG_WARN__DUPLICATE_METHOD_MATCH = YES;
				"CODE_SIGN_IDENTITY[sdk=iphoneos*]" = "iPhone Developer";
				COPY_PHASE_STRIP = NO;
				DEBUG_INFORMATION_FORMAT = dwarf;
				ENABLE_STRICT_OBJC_MSGSEND = YES;
				ENABLE_TESTABILITY = YES;
				GCC_C_LANGUAGE_STANDARD = gnu99;
				GCC_DYNAMIC_NO_PIC = NO;
				GCC_NO_COMMON_BLOCKS = YES;
				GCC_OPTIMIZATION_LEVEL = 0;
				GCC_PREPROCESSOR_DEFINITIONS = (
					"DEBUG=1",
					"$(inherited)",
				);
				GCC_WARN_64_TO_32_BIT_CONVERSION = YES;
				GCC_WARN_ABOUT_RETURN_TYPE = YES_ERROR;
				GCC_WARN_UNDECLARED_SELECTOR = YES;
				GCC_WARN_UNINITIALIZED_AUTOS = YES_AGGRESSIVE;
				GCC_WARN_UNUSED_FUNCTION = YES;
				GCC_WARN_UNUSED_VARIABLE = YES;
				IPHONEOS_DEPLOYMENT_TARGET = 10.3;
				MTL_ENABLE_DEBUG_INFO = YES;
				ONLY_ACTIVE_ARCH = YES;
				SDKROOT = iphoneos;
				SWIFT_ACTIVE_COMPILATION_CONDITIONS = DEBUG;
				SWIFT_OPTIMIZATION_LEVEL = "-Onone";
			};
			name = Debug;
		};
		5632BFFB1EDD9B5600605018 /* Release */ = {
			isa = XCBuildConfiguration;
			buildSettings = {
				ALWAYS_SEARCH_USER_PATHS = NO;
				CLANG_ANALYZER_NONNULL = YES;
				CLANG_ANALYZER_NUMBER_OBJECT_CONVERSION = YES_AGGRESSIVE;
				CLANG_CXX_LANGUAGE_STANDARD = "gnu++0x";
				CLANG_CXX_LIBRARY = "libc++";
				CLANG_ENABLE_MODULES = YES;
				CLANG_ENABLE_OBJC_ARC = YES;
				CLANG_WARN_BOOL_CONVERSION = YES;
				CLANG_WARN_CONSTANT_CONVERSION = YES;
				CLANG_WARN_DIRECT_OBJC_ISA_USAGE = YES_ERROR;
				CLANG_WARN_DOCUMENTATION_COMMENTS = YES;
				CLANG_WARN_EMPTY_BODY = YES;
				CLANG_WARN_ENUM_CONVERSION = YES;
				CLANG_WARN_INFINITE_RECURSION = YES;
				CLANG_WARN_INT_CONVERSION = YES;
				CLANG_WARN_OBJC_ROOT_CLASS = YES_ERROR;
				CLANG_WARN_SUSPICIOUS_MOVE = YES;
				CLANG_WARN_UNREACHABLE_CODE = YES;
				CLANG_WARN__DUPLICATE_METHOD_MATCH = YES;
				"CODE_SIGN_IDENTITY[sdk=iphoneos*]" = "iPhone Developer";
				COPY_PHASE_STRIP = NO;
				DEBUG_INFORMATION_FORMAT = "dwarf-with-dsym";
				ENABLE_NS_ASSERTIONS = NO;
				ENABLE_STRICT_OBJC_MSGSEND = YES;
				GCC_C_LANGUAGE_STANDARD = gnu99;
				GCC_NO_COMMON_BLOCKS = YES;
				GCC_WARN_64_TO_32_BIT_CONVERSION = YES;
				GCC_WARN_ABOUT_RETURN_TYPE = YES_ERROR;
				GCC_WARN_UNDECLARED_SELECTOR = YES;
				GCC_WARN_UNINITIALIZED_AUTOS = YES_AGGRESSIVE;
				GCC_WARN_UNUSED_FUNCTION = YES;
				GCC_WARN_UNUSED_VARIABLE = YES;
				IPHONEOS_DEPLOYMENT_TARGET = 10.3;
				MTL_ENABLE_DEBUG_INFO = NO;
				SDKROOT = iphoneos;
				SWIFT_OPTIMIZATION_LEVEL = "-Owholemodule";
				VALIDATE_PRODUCT = YES;
			};
			name = Release;
		};
		5632BFFD1EDD9B5600605018 /* Debug */ = {
			isa = XCBuildConfiguration;
			baseConfigurationReference = F4C0F500181FD1F1DBC96822 /* Pods-AnimationSwift.debug.xcconfig */;
			buildSettings = {
				ASSETCATALOG_COMPILER_APPICON_NAME = AppIcon;
				DEVELOPMENT_TEAM = CQZ98A99M5;
				INFOPLIST_FILE = AnimationSwift/Info.plist;
				LD_RUNPATH_SEARCH_PATHS = "$(inherited) @executable_path/Frameworks";
				PRODUCT_BUNDLE_IDENTIFIER = yisun.AnimationSwift;
				PRODUCT_NAME = "$(TARGET_NAME)";
				SWIFT_VERSION = 3.0;
			};
			name = Debug;
		};
		5632BFFE1EDD9B5600605018 /* Release */ = {
			isa = XCBuildConfiguration;
			baseConfigurationReference = 387B0E3BA793B72979916A6A /* Pods-AnimationSwift.release.xcconfig */;
			buildSettings = {
				ASSETCATALOG_COMPILER_APPICON_NAME = AppIcon;
				DEVELOPMENT_TEAM = CQZ98A99M5;
				INFOPLIST_FILE = AnimationSwift/Info.plist;
				LD_RUNPATH_SEARCH_PATHS = "$(inherited) @executable_path/Frameworks";
				PRODUCT_BUNDLE_IDENTIFIER = yisun.AnimationSwift;
				PRODUCT_NAME = "$(TARGET_NAME)";
				SWIFT_VERSION = 3.0;
			};
			name = Release;
		};
/* End XCBuildConfiguration section */

/* Begin XCConfigurationList section */
		5632BFE51EDD9B5600605018 /* Build configuration list for PBXProject "AnimationSwift" */ = {
			isa = XCConfigurationList;
			buildConfigurations = (
				5632BFFA1EDD9B5600605018 /* Debug */,
				5632BFFB1EDD9B5600605018 /* Release */,
			);
			defaultConfigurationIsVisible = 0;
			defaultConfigurationName = Release;
		};
		5632BFFC1EDD9B5600605018 /* Build configuration list for PBXNativeTarget "AnimationSwift" */ = {
			isa = XCConfigurationList;
			buildConfigurations = (
				5632BFFD1EDD9B5600605018 /* Debug */,
				5632BFFE1EDD9B5600605018 /* Release */,
			);
			defaultConfigurationIsVisible = 0;
			defaultConfigurationName = Release;
		};
/* End XCConfigurationList section */
	};
	rootObject = 5632BFE21EDD9B5600605018 /* Project object */;
}
