PODS:
  - ActiveLabel (0.7.1)
  - Cache (3.3.0):
    - SwiftHash (~> 1.4.0)
  - CRRefresh (1.0.5)
  - DOFavoriteButton (0.0.4)
  - ETNavBarTransparent (1.0.8)
  - Fakery (2.0.0)
  - Hero (0.3.6)
  - Hue (2.0.1)
  - Pastel (0.3.0)
  - Spots (6.1.0):
    - Spots/Core (= 6.1.0)
  - Spots/Core (6.1.0):
    - Cache (~> 3.0)
    - Tailor (~> 2.0)
  - Sugar (3.1.2)
  - SwiftHash (1.4.0)
  - SwiftIconFont (2.6.0)
  - Tailor (2.2.1)
  - Themes (1.1.0)

DEPENDENCIES:
  - ActiveLabel
  - CRRefresh
  - DOFavoriteButton (from `https://github.com/okmr-d/DOFavoriteButton.git`)
  - ETNavBarTransparent
  - Fakery
  - Hero
  - Hue
  - Pastel
  - Spots
  - Sugar
  - SwiftIconFont
  - Themes

EXTERNAL SOURCES:
  DOFavoriteButton:
    :git: https://github.com/okmr-d/DOFavoriteButton.git

CHECKOUT OPTIONS:
  DOFavoriteButton:
    :commit: 43c65253d4c14e596a511354ca0e0aac0ec2bd5c
    :git: https://github.com/okmr-d/DOFavoriteButton.git

SPEC CHECKSUMS:
  ActiveLabel: 68625f22775f51c31bb691ca8de20f1e5a3bc825
  Cache: 871805a8a7268feac34f5c10c54506801f0bd4cd
  CRRefresh: 718be57647db922a4a3af3f17fc41289145d8e83
  DOFavoriteButton: 866e15af173d2dd5233971a1f657a5f31d2491d5
  ETNavBarTransparent: eacdaa11e4aa364107bb8af4be3bd29dc7ae9254
  Fakery: 97b99c23937d2e025d9135c75e2b17351ccd5031
  Hero: d3c6f4dd80cdcdbb339be64e57ae3b5c3ab9938c
  Hue: 354caec055fdc9d38b5ef33ca2e7224721843baf
  Pastel: 738740c84f2b15bbcd96ebe99c4e6c2f5dd42262
  Spots: 826ab6c6f0e31236f3c71e427d8341b8cec07468
  Sugar: e2eb40928c2589bf55977e335a5bc183d09cce24
  SwiftHash: acf0f29032309a5c7a7f625595eade1aca97aca2
  SwiftIconFont: bbe1f32e1e16bac87dad8566afc80132cb8d072c
  Tailor: caabfebed676fab6e00c0c173e05294ccf89861e
  Themes: 9c5626e1b9d0a5683e5179c00c38077bd0281148

PODFILE CHECKSUM: 1f77070aee0c836dc348ce06c1cf962ecb5a8126

COCOAPODS: 1.2.1
